
Microsoft Visual Studio Solution File, Format Version 12.00
# Visual Studio Version 17
VisualStudioVersion = 17.6.33723.286
MinimumVisualStudioVersion = 10.0.40219.1
Project("{FAE04EC0-301F-11D3-BF4B-00C04F79EFBC}") = "TicTacToe", "TicTacToe.csproj", "{6A83D939-481A-4148-B2B1-5C23A37B03F1}"
EndProject
Global
	GlobalSection(SolutionConfigurationPlatforms) = preSolution
		Debug|Any CPU = Debug|Any CPU
		Release|Any CPU = Release|Any CPU
	EndGlobalSection
	GlobalSection(ProjectConfigurationPlatforms) = postSolution
		{6A83D939-481A-4148-B2B1-5C23A37B03F1}.Debug|Any CPU.ActiveCfg = Debug|Any CPU
		{6A83D939-481A-4148-B2B1-5C23A37B03F1}.Debug|Any CPU.Build.0 = Debug|Any CPU
		{6A83D939-481A-4148-B2B1-5C23A37B03F1}.Release|Any CPU.ActiveCfg = Release|Any CPU
		{6A83D939-481A-4148-B2B1-5C23A37B03F1}.Release|Any CPU.Build.0 = Release|Any CPU
	EndGlobalSection
	GlobalSection(SolutionProperties) = preSolution
		HideSolutionNode = FALSE
	EndGlobalSection
	GlobalSection(ExtensibilityGlobals) = postSolution
		SolutionGuid = {ADE98E36-2515-4C67-A641-4615894278C4}
	EndGlobalSection
EndGlobal
